
Microsoft Visual Studio Solution File, Format Version 12.00
# Visual Studio Version 17
VisualStudioVersion = 17.8.34316.72
MinimumVisualStudioVersion = 10.0.40219.1
Project("{FAE04EC0-301F-11D3-BF4B-00C04F79EFBC}") = "Abstraction_Tugas", "Abstraction_Tugas\Abstraction_Tugas.csproj", "{59DA35F2-6E89-4CBC-8190-38CDC20B925D}"
EndProject
Global
	GlobalSection(SolutionConfigurationPlatforms) = preSolution
		Debug|Any CPU = Debug|Any CPU
		Release|Any CPU = Release|Any CPU
	EndGlobalSection
	GlobalSection(ProjectConfigurationPlatforms) = postSolution
		{59DA35F2-6E89-4CBC-8190-38CDC20B925D}.Debug|Any CPU.ActiveCfg = Debug|Any CPU
		{59DA35F2-6E89-4CBC-8190-38CDC20B925D}.Debug|Any CPU.Build.0 = Debug|Any CPU
		{59DA35F2-6E89-4CBC-8190-38CDC20B925D}.Release|Any CPU.ActiveCfg = Release|Any CPU
		{59DA35F2-6E89-4CBC-8190-38CDC20B925D}.Release|Any CPU.Build.0 = Release|Any CPU
	EndGlobalSection
	GlobalSection(SolutionProperties) = preSolution
		HideSolutionNode = FALSE
	EndGlobalSection
	GlobalSection(ExtensibilityGlobals) = postSolution
		SolutionGuid = {C89A4949-6CDF-4B07-A8A6-92112F4E03E8}
	EndGlobalSection
EndGlobal
